# This file is @generated by PDM.
# It is not intended for manual editing.

[metadata]
groups = ["default"]
strategy = []
lock_version = "4.5.0"
content_hash = "sha256:40ab325335730a09ca78b0dd621d9347956ea8f41ce9cf4c5caad73cded7cb57"

[[metadata.targets]]
requires_python = "==3.12.*"

[[package]]
name = "altgraph"
version = "0.17.5"
summary = ""
files = [
    {file = "altgraph-0.17.5-py2.py3-none-any.whl", hash = "sha256:f3a22400bce1b0c701683820ac4f3b159cd301acab067c51c653e06961600597"},
    {file = "altgraph-0.17.5.tar.gz", hash = "sha256:c87b395dd12fabde9c99573a9749d67da8d29ef9de0125c7f536699b4a9bc9e7"},
]

[[package]]
name = "argon2-cffi"
version = "25.1.0"
summary = ""
dependencies = [
    "argon2-cffi-bindings",
]
files = [
    {file = "argon2_cffi-25.1.0-py3-none-any.whl", hash = "sha256:fdc8b074db390fccb6eb4a3604ae7231f219aa669a2652e0f20e16ba513d5741"},
    {file = "argon2_cffi-25.1.0.tar.gz", hash = "sha256:694ae5cc8a42f4c4e2bf2ca0e64e51e23a040c6a517a85074683d3959e1346c1"},
]

[[package]]
name = "argon2-cffi-bindings"
version = "25.1.0"
summary = ""
dependencies = [
    "cffi",
]
files = [
    {file = "argon2_cffi_bindings-25.1.0-cp39-abi3-macosx_10_9_universal2.whl", hash = "sha256:aecba1723ae35330a008418a91ea6cfcedf6d31e5fbaa056a166462ff066d500"},
    {file = "argon2_cffi_bindings-25.1.0-cp39-abi3-macosx_10_9_x86_64.whl", hash = "sha256:2630b6240b495dfab90aebe159ff784d08ea999aa4b0d17efa734055a07d2f44"},
    {file = "argon2_cffi_bindings-25.1.0-cp39-abi3-macosx_11_0_arm64.whl", hash = "sha256:7aef0c91e2c0fbca6fc68e7555aa60ef7008a739cbe045541e438373bc54d2b0"},
    {file = "argon2_cffi_bindings-25.1.0-cp39-abi3-manylinux_2_26_aarch64.manylinux_2_28_aarch64.whl", hash = "sha256:1e021e87faa76ae0d413b619fe2b65ab9a037f24c60a1e6cc43457ae20de6dc6"},
    {file = "argon2_cffi_bindings-25.1.0-cp39-abi3-manylinux_2_26_x86_64.manylinux_2_28_x86_64.whl", hash = "sha256:d3e924cfc503018a714f94a49a149fdc0b644eaead5d1f089330399134fa028a"},
    {file = "argon2_cffi_bindings-25.1.0-cp39-abi3-musllinux_1_2_aarch64.whl", hash = "sha256:c87b72589133f0346a1cb8d5ecca4b933e3c9b64656c9d175270a000e73b288d"},
    {file = "argon2_cffi_bindings-25.1.0-cp39-abi3-musllinux_1_2_x86_64.whl", hash = "sha256:1db89609c06afa1a214a69a462ea741cf735b29a57530478c06eb81dd403de99"},
    {file = "argon2_cffi_bindings-25.1.0-cp39-abi3-win32.whl", hash = "sha256:473bcb5f82924b1becbb637b63303ec8d10e84c8d241119419897a26116515d2"},
    {file = "argon2_cffi_bindings-25.1.0-cp39-abi3-win_amd64.whl", hash = "sha256:a98cd7d17e9f7ce244c0803cad3c23a7d379c301ba618a5fa76a67d116618b98"},
    {file = "argon2_cffi_bindings-25.1.0-cp39-abi3-win_arm64.whl", hash = "sha256:b0fdbcf513833809c882823f98dc2f931cf659d9a1429616ac3adebb49f5db94"},
    {file = "argon2_cffi_bindings-25.1.0.tar.gz", hash = "sha256:b957f3e6ea4d55d820e40ff76f450952807013d361a65d7f28acc0acbf29229d"},
]

[[package]]
name = "bottle"
version = "0.13.4"
summary = ""
files = [
    {file = "bottle-0.13.4-py2.py3-none-any.whl", hash = "sha256:045684fbd2764eac9cdeb824861d1551d113e8b683d8d26e296898d3dd99a12e"},
    {file = "bottle-0.13.4.tar.gz", hash = "sha256:787e78327e12b227938de02248333d788cfe45987edca735f8f88e03472c3f47"},
]

[[package]]
name = "certifi"
version = "2026.6.17"
summary = ""
files = [
    {file = "certifi-2026.6.17-py3-none-any.whl", hash = "sha256:2227dcbaafe0d2f59279d1762ddddc37783ed4354594f194ffc31d20f41fc3db"},
    {file = "certifi-2026.6.17.tar.gz", hash = "sha256:024c88eeec92ca068db80f02b8b07c9cef7b9fe261d1d535abfd5abd6f6af432"},
]

[[package]]
name = "cffi"
version = "2.0.0"
summary = ""
dependencies = [
    "pycparser; implementation_name != \"PyPy\"",
]
files = [
    {file = "cffi-2.0.0-cp312-cp312-macosx_10_13_x86_64.whl", hash = "sha256:6d02d6655b0e54f54c4ef0b94eb6be0607b70853c45ce98bd278dc7de718be5d"},
    {file = "cffi-2.0.0-cp312-cp312-macosx_11_0_arm64.whl", hash = "sha256:8eca2a813c1cb7ad4fb74d368c2ffbbb4789d377ee5bb8df98373c2cc0dee76c"},
    {file = "cffi-2.0.0-cp312-cp312-manylinux1_i686.manylinux2014_i686.manylinux_2_17_i686.manylinux_2_5_i686.whl", hash = "sha256:21d1152871b019407d8ac3985f6775c079416c282e431a4da6afe7aefd2bccbe"},
    {file = "cffi-2.0.0-cp312-cp312-manylinux2014_aarch64.manylinux_2_17_aarch64.whl", hash = "sha256:b21e08af67b8a103c71a250401c78d5e0893beff75e28c53c98f4de42f774062"},
    {file = "cffi-2.0.0-cp312-cp312-manylinux2014_ppc64le.manylinux_2_17_ppc64le.whl", hash = "sha256:1e3a615586f05fc4065a8b22b8152f0c1b00cdbc60596d187c2a74f9e3036e4e"},
    {file = "cffi-2.0.0-cp312-cp312-manylinux2014_s390x.manylinux_2_17_s390x.whl", hash = "sha256:81afed14892743bbe14dacb9e36d9e0e504cd204e0b165062c488942b9718037"},
    {file = "cffi-2.0.0-cp312-cp312-manylinux2014_x86_64.manylinux_2_17_x86_64.whl", hash = "sha256:3e17ed538242334bf70832644a32a7aae3d83b57567f9fd60a26257e992b79ba"},
    {file = "cffi-2.0.0-cp312-cp312-musllinux_1_2_aarch64.whl", hash = "sha256:3925dd22fa2b7699ed2617149842d2e6adde22b262fcbfada50e3d195e4b3a94"},
    {file = "cffi-2.0.0-cp312-cp312-musllinux_1_2_x86_64.whl", hash = "sha256:2c8f814d84194c9ea681642fd164267891702542f028a15fc97d4674b6206187"},
    {file = "cffi-2.0.0-cp312-cp312-win32.whl", hash = "sha256:da902562c3e9c550df360bfa53c035b2f241fed6d9aef119048073680ace4a18"},
    {file = "cffi-2.0.0-cp312-cp312-win_amd64.whl", hash = "sha256:da68248800ad6320861f129cd9c1bf96ca849a2771a59e0344e88681905916f5"},
    {file = "cffi-2.0.0-cp312-cp312-win_arm64.whl", hash = "sha256:4671d9dd5ec934cb9a73e7ee9676f9362aba54f7f34910956b84d727b0d73fb6"},
    {file = "cffi-2.0.0.tar.gz", hash = "sha256:44d1b5909021139fe36001ae048dbdde8214afa20200eda0f64c068cac5d5529"},
]

[[package]]
name = "clr-loader"
version = "0.3.1"
summary = ""
dependencies = [
    "cffi",
]
files = [
    {file = "clr_loader-0.3.1-py3-none-any.whl", hash = "sha256:cbad189de20d202a7d621956b0fc38049e13c9bf7ca2923441eff725cd121aa1"},
    {file = "clr_loader-0.3.1.tar.gz", hash = "sha256:2e073e9aaf49d1ae2f56ecba27987ad5fb68be4bcd9dd34a5bed8f0e4e128366"},
]

[[package]]
name = "macholib"
version = "1.16.4"
summary = ""
dependencies = [
    "altgraph",
]
files = [
    {file = "macholib-1.16.4-py2.py3-none-any.whl", hash = "sha256:da1a3fa8266e30f0ce7e97c6a54eefaae8edd1e5f86f3eb8b95457cae90265ea"},
    {file = "macholib-1.16.4.tar.gz", hash = "sha256:f408c93ab2e995cd2c46e34fe328b130404be143469e41bc366c807448979362"},
]

[[package]]
name = "minio"
version = "7.2.20"
summary = ""
dependencies = [
    "argon2-cffi",
    "certifi",
    "pycryptodome",
    "typing-extensions",
    "urllib3",
]
files = [
    {file = "minio-7.2.20-py3-none-any.whl", hash = "sha256:eb33dd2fb80e04c3726a76b13241c6be3c4c46f8d81e1d58e757786f6501897e"},
    {file = "minio-7.2.20.tar.gz", hash = "sha256:95898b7a023fbbfde375985aa77e2cd6a0762268db79cf886f002a9ea8e68598"},
]

[[package]]
name = "packaging"
version = "26.2"
summary = ""
files = [
    {file = "packaging-26.2-py3-none-any.whl", hash = "sha256:5fc45236b9446107ff2415ce77c807cee2862cb6fac22b8a73826d0693b0980e"},
    {file = "packaging-26.2.tar.gz", hash = "sha256:ff452ff5a3e828ce110190feff1178bb1f2ea2281fa2075aadb987c2fb221661"},
]

[[package]]
name = "pefile"
version = "2024.8.26"
summary = ""
files = [
    {file = "pefile-2024.8.26-py3-none-any.whl", hash = "sha256:76f8b485dcd3b1bb8166f1128d395fa3d87af26360c2358fb75b80019b957c6f"},
    {file = "pefile-2024.8.26.tar.gz", hash = "sha256:3ff6c5d8b43e8c37bb6e6dd5085658d658a7a0bdcd20b6a07b1fcfc1c4e9d632"},
]

[[package]]
name = "proxy-tools"
version = "0.1.0"
summary = ""
files = [
    {file = "proxy_tools-0.1.0.tar.gz", hash = "sha256:ccb3751f529c047e2d8a58440d86b205303cf0fe8146f784d1cbcd94f0a28010"},
]

[[package]]
name = "pycparser"
version = "3.0"
summary = ""
files = [
    {file = "pycparser-3.0-py3-none-any.whl", hash = "sha256:b727414169a36b7d524c1c3e31839a521725078d7b2ff038656844266160a992"},
    {file = "pycparser-3.0.tar.gz", hash = "sha256:600f49d217304a5902ac3c37e1281c9fe94e4d0489de643a9504c5cdfdfc6b29"},
]

[[package]]
name = "pycryptodome"
version = "3.23.0"
summary = ""
files = [
    {file = "pycryptodome-3.23.0-cp37-abi3-macosx_10_9_universal2.whl", hash = "sha256:187058ab80b3281b1de11c2e6842a357a1f71b42cb1e15bce373f3d238135c27"},
    {file = "pycryptodome-3.23.0-cp37-abi3-macosx_10_9_x86_64.whl", hash = "sha256:cfb5cd445280c5b0a4e6187a7ce8de5a07b5f3f897f235caa11f1f435f182843"},
    {file = "pycryptodome-3.23.0-cp37-abi3-manylinux_2_17_aarch64.manylinux2014_aarch64.whl", hash = "sha256:67bd81fcbe34f43ad9422ee8fd4843c8e7198dd88dd3d40e6de42ee65fbe1490"},
    {file = "pycryptodome-3.23.0-cp37-abi3-manylinux_2_17_x86_64.manylinux2014_x86_64.whl", hash = "sha256:c8987bd3307a39bc03df5c8e0e3d8be0c4c3518b7f044b0f4c15d1aa78f52575"},
    {file = "pycryptodome-3.23.0-cp37-abi3-manylinux_2_5_i686.manylinux1_i686.manylinux_2_17_i686.manylinux2014_i686.whl", hash = "sha256:aa0698f65e5b570426fc31b8162ed4603b0c2841cbb9088e2b01641e3065915b"},
    {file = "pycryptodome-3.23.0-cp37-abi3-musllinux_1_2_aarch64.whl", hash = "sha256:53ecbafc2b55353edcebd64bf5da94a2a2cdf5090a6915bcca6eca6cc452585a"},
    {file = "pycryptodome-3.23.0-cp37-abi3-musllinux_1_2_i686.whl", hash = "sha256:156df9667ad9f2ad26255926524e1c136d6664b741547deb0a86a9acf5ea631f"},
    {file = "pycryptodome-3.23.0-cp37-abi3-musllinux_1_2_x86_64.whl", hash = "sha256:dea827b4d55ee390dc89b2afe5927d4308a8b538ae91d9c6f7a5090f397af1aa"},
    {file = "pycryptodome-3.23.0-cp37-abi3-win32.whl", hash = "sha256:507dbead45474b62b2bbe318eb1c4c8ee641077532067fec9c1aa82c31f84886"},
    {file = "pycryptodome-3.23.0-cp37-abi3-win_amd64.whl", hash = "sha256:c75b52aacc6c0c260f204cbdd834f76edc9fb0d8e0da9fbf8352ef58202564e2"},
    {file = "pycryptodome-3.23.0-cp37-abi3-win_arm64.whl", hash = "sha256:11eeeb6917903876f134b56ba11abe95c0b0fd5e3330def218083c7d98bbcb3c"},
    {file = "pycryptodome-3.23.0.tar.gz", hash = "sha256:447700a657182d60338bab09fdb27518f8856aecd80ae4c6bdddb67ff5da44ef"},
]

[[package]]
name = "pyinstaller"
version = "6.21.0"
summary = ""
dependencies = [
    "altgraph",
    "macholib; sys_platform == \"darwin\"",
    "packaging",
    "pefile; sys_platform == \"win32\"",
    "pyinstaller-hooks-contrib",
    "pywin32-ctypes; sys_platform == \"win32\"",
    "setuptools",
]
files = [
    {file = "pyinstaller-6.21.0-py3-none-macosx_10_13_universal2.whl", hash = "sha256:327d132389f37912609e01be62810cf96b5aa95b613903e4b8692e0d12fb0eda"},
    {file = "pyinstaller-6.21.0-py3-none-manylinux2014_aarch64.whl", hash = "sha256:7071d4b094d5b40deeef5fa3d3b98a1b846087f7562b49209663d5f9281fe251"},
    {file = "pyinstaller-6.21.0-py3-none-manylinux2014_i686.whl", hash = "sha256:6b6374d652107dd4a2eeece903ff82bb4045bb5e1006c5a158a6dcdbefe84bf2"},
    {file = "pyinstaller-6.21.0-py3-none-manylinux2014_ppc64le.whl", hash = "sha256:4e3108b3f02384560da70e39b8bf22b0ad597d02bd68a40d76ea91c1cfa00cad"},
    {file = "pyinstaller-6.21.0-py3-none-manylinux2014_s390x.whl", hash = "sha256:697532279f535ad572bda613db4f821540e235c7854ca6da4d3bf0373f4415ee"},
    {file = "pyinstaller-6.21.0-py3-none-manylinux2014_x86_64.whl", hash = "sha256:605169523a6b5ace39f13dfbff21add9f2bc43df99c7daf9394fefb2c45e8b6f"},
    {file = "pyinstaller-6.21.0-py3-none-musllinux_1_1_aarch64.whl", hash = "sha256:5fa56746c1e76f93634d018502301378a2d0c382553d37d8c3c34ff436c12dd1"},
    {file = "pyinstaller-6.21.0-py3-none-musllinux_1_1_x86_64.whl", hash = "sha256:42395ec76df8e8120c36b13339d9db8cab83e316a12839ee303cc00fc941bb74"},
    {file = "pyinstaller-6.21.0-py3-none-win32.whl", hash = "sha256:c6b28d30d8fd99ce162ff3aab5013ed44dbfb747566b1f01b9bed7964d7c14e9"},
    {file = "pyinstaller-6.21.0-py3-none-win_amd64.whl", hash = "sha256:7fae06c494ce0ebfe6bd3055c0e409def884f63af2e3705d06bd431ad9237fc7"},
    {file = "pyinstaller-6.21.0-py3-none-win_arm64.whl", hash = "sha256:f13c95c9c03fb567217135919f93815c305813126780b0ed6e0123cb8acaf025"},
    {file = "pyinstaller-6.21.0.tar.gz", hash = "sha256:bb9fab705983e393a2d1cac77d6972513057ad800215fd861dc15ff5272e98fd"},
]

[[package]]
name = "pyinstaller-hooks-contrib"
version = "2026.6"
summary = ""
dependencies = [
    "packaging",
]
files = [
    {file = "pyinstaller_hooks_contrib-2026.6-py3-none-any.whl", hash = "sha256:fd13b8ac126b35361175edacd41a0d97080b75dd5f4b594ecefefff969509dd3"},
    {file = "pyinstaller_hooks_contrib-2026.6.tar.gz", hash = "sha256:bef5002c32f4f50bd55b005da12cff64eca8783e7eaf86a06a62410164bab725"},
]

[[package]]
name = "pyobjc-core"
version = "12.2.1"
summary = ""
files = [
    {file = "pyobjc_core-12.2.1-cp312-cp312-macosx_10_13_universal2.whl", hash = "sha256:a64232bb27ed101d4adc7d42b0e64a6d3331aac7bee7861c037a6777a163f10b"},
    {file = "pyobjc_core-12.2.1.tar.gz", hash = "sha256:7a7b9b018402342cf32bf1956366896350fbe5c0478cb3ef59778f77abed7f07"},
]

[[package]]
name = "pyobjc-framework-cocoa"
version = "12.2.1"
summary = ""
dependencies = [
    "pyobjc-core",
]
files = [
    {file = "pyobjc_framework_cocoa-12.2.1-cp312-cp312-macosx_10_13_universal2.whl", hash = "sha256:28b9b8bab1c36efb94744786918752d0c1842f5fbb67e7d5ca97b5f736512080"},
    {file = "pyobjc_framework_cocoa-12.2.1.tar.gz", hash = "sha256:b94b37fe5730e5ae1fb0052912cd174e6ec329b0bfba4a012ae5db1014b5864b"},
]

[[package]]
name = "pyobjc-framework-quartz"
version = "12.2.1"
summary = ""
dependencies = [
    "pyobjc-core",
    "pyobjc-framework-cocoa",
]
files = [
    {file = "pyobjc_framework_quartz-12.2.1-cp312-cp312-macosx_10_13_universal2.whl", hash = "sha256:de9c8cca7e95290c8d540466af11c7cdfe3a5458e6f56c34006d5b45243f9ed9"},
    {file = "pyobjc_framework_quartz-12.2.1.tar.gz", hash = "sha256:b3b8b6f71e66147f8ff9e6213864cc8527e3a0b1ee90835b93ce221f4802d9b0"},
]

[[package]]
name = "pyobjc-framework-security"
version = "12.2.1"
summary = ""
dependencies = [
    "pyobjc-core",
    "pyobjc-framework-cocoa",
]
files = [
    {file = "pyobjc_framework_security-12.2.1-cp312-cp312-macosx_10_13_universal2.whl", hash = "sha256:76ff6e44e62d3e15651540493879bf16687d862c4f10f3cadade757811c8b8d0"},
    {file = "pyobjc_framework_security-12.2.1.tar.gz", hash = "sha256:d7831b1537f4346892e7f2f0e2b09d79bee98919b0767f4061278d0e03028f2d"},
]

[[package]]
name = "pyobjc-framework-uniformtypeidentifiers"
version = "12.2.1"
summary = ""
dependencies = [
    "pyobjc-core",
    "pyobjc-framework-cocoa",
]
files = [
    {file = "pyobjc_framework_uniformtypeidentifiers-12.2.1-py2.py3-none-any.whl", hash = "sha256:ea08413ad895a7dfea13670e26548bcf5b00154084cdfb5d8f96603320e77cf3"},
    {file = "pyobjc_framework_uniformtypeidentifiers-12.2.1.tar.gz", hash = "sha256:1fb89d13aa3c2df8e6d6536f6df3493fe5a6caefd2a5adebf17c5af3b29ed4a2"},
]

[[package]]
name = "pyobjc-framework-webkit"
version = "12.2.1"
summary = ""
dependencies = [
    "pyobjc-core",
    "pyobjc-framework-cocoa",
]
files = [
    {file = "pyobjc_framework_webkit-12.2.1-cp312-cp312-macosx_10_13_universal2.whl", hash = "sha256:7e04dcc08cdc59380113ea1232af75a0a04c2426418ebe967b4c0045c973f776"},
    {file = "pyobjc_framework_webkit-12.2.1.tar.gz", hash = "sha256:a56acae55b50d549b20dff2921ad1099add8fbc377d0de09ddc2ba50957f7def"},
]

[[package]]
name = "pythonnet"
version = "3.1.0"
summary = ""
dependencies = [
    "clr-loader",
]
files = [
    {file = "pythonnet-3.1.0-cp310.cp311.cp312.cp313.cp314-none-any.whl", hash = "sha256:698dd88edc198819ad63b624a6ebe76208c7b46e4fe13626f65e484f0358d6ba"},
    {file = "pythonnet-3.1.0-cp310.cp311.cp312.cp313.cp314-none-win32.win_amd64.whl", hash = "sha256:7bdd4de03df3547a48122a3989265c8b31d5be0d19dadffa009eec7df8085e0b"},
    {file = "pythonnet-3.1.0.tar.gz", hash = "sha256:7b34c382905d10a371509ffafd64cae0416305c28817738a9cd138336f4e9991"},
]

[[package]]
name = "pywebview"
version = "6.2.1"
summary = ""
dependencies = [
    "bottle",
    "proxy-tools",
    "pyobjc-core; sys_platform == \"darwin\"",
    "pyobjc-framework-cocoa; sys_platform == \"darwin\"",
    "pyobjc-framework-quartz; sys_platform == \"darwin\"",
    "pyobjc-framework-security; sys_platform == \"darwin\"",
    "pyobjc-framework-uniformtypeidentifiers; sys_platform == \"darwin\"",
    "pyobjc-framework-webkit; sys_platform == \"darwin\"",
    "pythonnet; sys_platform == \"win32\"",
    "qtpy; sys_platform == \"openbsd6\"",
    "typing-extensions",
]
files = [
    {file = "pywebview-6.2.1-py3-none-any.whl", hash = "sha256:9d07275f53894ab4d5e2e0e996227193e7187dec276d9b624dccbce029216b46"},
    {file = "pywebview-6.2.1.tar.gz", hash = "sha256:71b7136752e40824655304d938efb62014218d1a90bd8e87e1cbdb1ce9c466af"},
]

[[package]]
name = "pywin32-ctypes"
version = "0.2.3"
summary = ""
files = [
    {file = "pywin32-ctypes-0.2.3.tar.gz", hash = "sha256:d162dc04946d704503b2edc4d55f3dba5c1d539ead017afa00142c38b9885755"},
    {file = "pywin32_ctypes-0.2.3-py3-none-any.whl", hash = "sha256:8a1513379d709975552d202d942d9837758905c8d01eb82b8bcc30918929e7b8"},
]

[[package]]
name = "qtpy"
version = "2.4.3"
summary = ""
dependencies = [
    "packaging",
]
files = [
    {file = "QtPy-2.4.3-py3-none-any.whl", hash = "sha256:72095afe13673e017946cc258b8d5da43314197b741ed2890e563cf384b51aa1"},
    {file = "qtpy-2.4.3.tar.gz", hash = "sha256:db744f7832e6d3da90568ba6ccbca3ee2b3b4a890c3d6fbbc63142f6e4cdf5bb"},
]

[[package]]
name = "setuptools"
version = "83.0.0"
summary = ""
files = [
    {file = "setuptools-83.0.0-py3-none-any.whl", hash = "sha256:29b23c360f22f414dc7336bb39178cc7bcbf6021ed2733cde173f09dba19abb3"},
    {file = "setuptools-83.0.0.tar.gz", hash = "sha256:025bccbbf0fa05b6192bc64ae1e7b16e001fd6d6d4d5de03c97b1c1ade523bef"},
]

[[package]]
name = "typing-extensions"
version = "4.16.0"
summary = ""
files = [
    {file = "typing_extensions-4.16.0-py3-none-any.whl", hash = "sha256:481caa481374e813c1b176ada14e97f1f67a4539ce9cfeb3f350d78d6370c2e8"},
    {file = "typing_extensions-4.16.0.tar.gz", hash = "sha256:dc983d19a509c94dba722ee6abd33940f7c05a89e243c47e907eb4db6f1a43e5"},
]

[[package]]
name = "urllib3"
version = "2.7.0"
summary = ""
files = [
    {file = "urllib3-2.7.0-py3-none-any.whl", hash = "sha256:9fb4c81ebbb1ce9531cce37674bbc6f1360472bc18ca9a553ede278ef7276897"},
    {file = "urllib3-2.7.0.tar.gz", hash = "sha256:231e0ec3b63ceb14667c67be60f2f2c40a518cb38b03af60abc813da26505f4c"},
]
